
Microsoft Visual Studio Solution File, Format Version 12.00
Project("{FAE04EC0-301F-11D3-BF4B-00C04F79EFBC}") = "GDTracker", "GDTracker\GDTracker.csproj", "{B78EDC75-C503-4A17-83FF-E476C800BD89}"
EndProject
Global
	GlobalSection(SolutionConfigurationPlatforms) = preSolution
		Debug|Any CPU = Debug|Any CPU
		Release|Any CPU = Release|Any CPU
	EndGlobalSection
	GlobalSection(ProjectConfigurationPlatforms) = postSolution
		{B78EDC75-C503-4A17-83FF-E476C800BD89}.Debug|Any CPU.ActiveCfg = Debug|Any CPU
		{B78EDC75-C503-4A17-83FF-E476C800BD89}.Debug|Any CPU.Build.0 = Debug|Any CPU
		{B78EDC75-C503-4A17-83FF-E476C800BD89}.Release|Any CPU.ActiveCfg = Release|Any CPU
		{B78EDC75-C503-4A17-83FF-E476C800BD89}.Release|Any CPU.Build.0 = Release|Any CPU
	EndGlobalSection
EndGlobal
